
Microsoft Visual Studio Solution File, Format Version 12.00
# Visual Studio 14
VisualStudioVersion = 14.0.25420.1
MinimumVisualStudioVersion = 10.0.40219.1
Project("{FAE04EC0-301F-11D3-BF4B-00C04F79EFBC}") = "Pg01", "Pg01\Pg01.csproj", "{86FEB2A8-3BC1-4F38-B661-FBB737C7A96B}"
EndProject
Project("{FAE04EC0-301F-11D3-BF4B-00C04F79EFBC}") = "Pg01Tests", "Pg01Tests\Pg01Tests.csproj", "{F3AED64A-7279-4838-9A22-B20EE76AF340}"
EndProject
Project("{FAE04EC0-301F-11D3-BF4B-00C04F79EFBC}") = "Pg01Util", "Util\Pg01Util.csproj", "{C890105B-D87C-4879-8E4A-9DEFBCE46EE8}"
EndProject
Global
	GlobalSection(SolutionConfigurationPlatforms) = preSolution
		Debug|Any CPU = Debug|Any CPU
		Debug|x86 = Debug|x86
		Release|Any CPU = Release|Any CPU
		Release|x86 = Release|x86
	EndGlobalSection
	GlobalSection(ProjectConfigurationPlatforms) = postSolution
		{86FEB2A8-3BC1-4F38-B661-FBB737C7A96B}.Debug|Any CPU.ActiveCfg = Debug|Any CPU
		{86FEB2A8-3BC1-4F38-B661-FBB737C7A96B}.Debug|Any CPU.Build.0 = Debug|Any CPU
		{86FEB2A8-3BC1-4F38-B661-FBB737C7A96B}.Debug|x86.ActiveCfg = Debug|x86
		{86FEB2A8-3BC1-4F38-B661-FBB737C7A96B}.Debug|x86.Build.0 = Debug|x86
		{86FEB2A8-3BC1-4F38-B661-FBB737C7A96B}.Release|Any CPU.ActiveCfg = Release|Any CPU
		{86FEB2A8-3BC1-4F38-B661-FBB737C7A96B}.Release|Any CPU.Build.0 = Release|Any CPU
		{86FEB2A8-3BC1-4F38-B661-FBB737C7A96B}.Release|x86.ActiveCfg = Release|x86
		{86FEB2A8-3BC1-4F38-B661-FBB737C7A96B}.Release|x86.Build.0 = Release|x86
		{F3AED64A-7279-4838-9A22-B20EE76AF340}.Debug|Any CPU.ActiveCfg = Debug|Any CPU
		{F3AED64A-7279-4838-9A22-B20EE76AF340}.Debug|Any CPU.Build.0 = Debug|Any CPU
		{F3AED64A-7279-4838-9A22-B20EE76AF340}.Debug|x86.ActiveCfg = Debug|Any CPU
		{F3AED64A-7279-4838-9A22-B20EE76AF340}.Debug|x86.Build.0 = Debug|Any CPU
		{F3AED64A-7279-4838-9A22-B20EE76AF340}.Release|Any CPU.ActiveCfg = Release|Any CPU
		{F3AED64A-7279-4838-9A22-B20EE76AF340}.Release|Any CPU.Build.0 = Release|Any CPU
		{F3AED64A-7279-4838-9A22-B20EE76AF340}.Release|x86.ActiveCfg = Release|Any CPU
		{F3AED64A-7279-4838-9A22-B20EE76AF340}.Release|x86.Build.0 = Release|Any CPU
		{C890105B-D87C-4879-8E4A-9DEFBCE46EE8}.Debug|Any CPU.ActiveCfg = Debug|Any CPU
		{C890105B-D87C-4879-8E4A-9DEFBCE46EE8}.Debug|Any CPU.Build.0 = Debug|Any CPU
		{C890105B-D87C-4879-8E4A-9DEFBCE46EE8}.Debug|x86.ActiveCfg = Debug|Any CPU
		{C890105B-D87C-4879-8E4A-9DEFBCE46EE8}.Debug|x86.Build.0 = Debug|Any CPU
		{C890105B-D87C-4879-8E4A-9DEFBCE46EE8}.Release|Any CPU.ActiveCfg = Release|Any CPU
		{C890105B-D87C-4879-8E4A-9DEFBCE46EE8}.Release|Any CPU.Build.0 = Release|Any CPU
		{C890105B-D87C-4879-8E4A-9DEFBCE46EE8}.Release|x86.ActiveCfg = Release|Any CPU
		{C890105B-D87C-4879-8E4A-9DEFBCE46EE8}.Release|x86.Build.0 = Release|Any CPU
	EndGlobalSection
	GlobalSection(SolutionProperties) = preSolution
		HideSolutionNode = FALSE
	EndGlobalSection
EndGlobal
